
Microsoft Visual Studio Solution File, Format Version 12.00
# Visual Studio Version 17
VisualStudioVersion = 17.8.34316.72
MinimumVisualStudioVersion = 10.0.40219.1
Project("{9A19103F-16F7-4668-BE54-9A1E7A4F7556}") = "StoreAppUI", "StoreAppUI\StoreAppUI.csproj", "{A2764726-0217-4C7B-83D0-0B995CC1922F}"
EndProject
Project("{9A19103F-16F7-4668-BE54-9A1E7A4F7556}") = "StoreApp.Model", "StoreApp.Model\StoreApp.Model.csproj", "{88B85F79-B71C-42C2-A567-6DF0EEA5CC6B}"
EndProject
Project("{9A19103F-16F7-4668-BE54-9A1E7A4F7556}") = "StoreApp.Business", "StoreApp.Business\StoreApp.Business.csproj", "{D283F024-3D2E-4BD6-B8AC-62D79E98EBA9}"
EndProject
Project("{9A19103F-16F7-4668-BE54-9A1E7A4F7556}") = "StoreApp.DataAccess", "StoreApp.DataAccess\StoreApp.DataAccess.csproj", "{06A9C4DB-2A81-47C3-AC20-4394417C9CD3}"
EndProject
Project("{FAE04EC0-301F-11D3-BF4B-00C04F79EFBC}") = "StoreApp.Presentation", "StoreApp.Presentation\StoreApp.Presentation.csproj", "{B9315A54-A5CF-4AF3-8815-811F42635ADC}"
EndProject
Global
	GlobalSection(SolutionConfigurationPlatforms) = preSolution
		Debug|Any CPU = Debug|Any CPU
		Release|Any CPU = Release|Any CPU
	EndGlobalSection
	GlobalSection(ProjectConfigurationPlatforms) = postSolution
		{A2764726-0217-4C7B-83D0-0B995CC1922F}.Debug|Any CPU.ActiveCfg = Debug|Any CPU
		{A2764726-0217-4C7B-83D0-0B995CC1922F}.Debug|Any CPU.Build.0 = Debug|Any CPU
		{A2764726-0217-4C7B-83D0-0B995CC1922F}.Release|Any CPU.ActiveCfg = Release|Any CPU
		{A2764726-0217-4C7B-83D0-0B995CC1922F}.Release|Any CPU.Build.0 = Release|Any CPU
		{88B85F79-B71C-42C2-A567-6DF0EEA5CC6B}.Debug|Any CPU.ActiveCfg = Debug|Any CPU
		{88B85F79-B71C-42C2-A567-6DF0EEA5CC6B}.Debug|Any CPU.Build.0 = Debug|Any CPU
		{88B85F79-B71C-42C2-A567-6DF0EEA5CC6B}.Release|Any CPU.ActiveCfg = Release|Any CPU
		{88B85F79-B71C-42C2-A567-6DF0EEA5CC6B}.Release|Any CPU.Build.0 = Release|Any CPU
		{D283F024-3D2E-4BD6-B8AC-62D79E98EBA9}.Debug|Any CPU.ActiveCfg = Debug|Any CPU
		{D283F024-3D2E-4BD6-B8AC-62D79E98EBA9}.Debug|Any CPU.Build.0 = Debug|Any CPU
		{D283F024-3D2E-4BD6-B8AC-62D79E98EBA9}.Release|Any CPU.ActiveCfg = Release|Any CPU
		{D283F024-3D2E-4BD6-B8AC-62D79E98EBA9}.Release|Any CPU.Build.0 = Release|Any CPU
		{06A9C4DB-2A81-47C3-AC20-4394417C9CD3}.Debug|Any CPU.ActiveCfg = Debug|Any CPU
		{06A9C4DB-2A81-47C3-AC20-4394417C9CD3}.Debug|Any CPU.Build.0 = Debug|Any CPU
		{06A9C4DB-2A81-47C3-AC20-4394417C9CD3}.Release|Any CPU.ActiveCfg = Release|Any CPU
		{06A9C4DB-2A81-47C3-AC20-4394417C9CD3}.Release|Any CPU.Build.0 = Release|Any CPU
		{B9315A54-A5CF-4AF3-8815-811F42635ADC}.Debug|Any CPU.ActiveCfg = Debug|Any CPU
		{B9315A54-A5CF-4AF3-8815-811F42635ADC}.Debug|Any CPU.Build.0 = Debug|Any CPU
		{B9315A54-A5CF-4AF3-8815-811F42635ADC}.Release|Any CPU.ActiveCfg = Release|Any CPU
		{B9315A54-A5CF-4AF3-8815-811F42635ADC}.Release|Any CPU.Build.0 = Release|Any CPU
	EndGlobalSection
	GlobalSection(SolutionProperties) = preSolution
		HideSolutionNode = FALSE
	EndGlobalSection
	GlobalSection(ExtensibilityGlobals) = postSolution
		SolutionGuid = {8AEFECD2-8A21-48E6-B7ED-0784A8CAFFB1}
	EndGlobalSection
EndGlobal
